// !$*UTF8*$!
{
	archiveVersion = 1;
	classes = {
	};
	objectVersion = 56;
	objects = {

/* Begin PBXBuildFile section */
		4813278D2A7EC26100C3C80B /* AppDelegate.swift in Sources */ = {isa = PBXBuildFile; fileRef = 4813278C2A7EC26100C3C80B /* AppDelegate.swift */; };
		4813278F2A7EC26100C3C80B /* SceneDelegate.swift in Sources */ = {isa = PBXBuildFile; fileRef = 4813278E2A7EC26100C3C80B /* SceneDelegate.swift */; };
		481327962A7EC26200C3C80B /* Assets.xcassets in Resources */ = {isa = PBXBuildFile; fileRef = 481327952A7EC26200C3C80B /* Assets.xcassets */; };
		481327992A7EC26200C3C80B /* LaunchScreen.storyboard in Resources */ = {isa = PBXBuildFile; fileRef = 481327972A7EC26200C3C80B /* LaunchScreen.storyboard */; };
		481327A42A7EC26200C3C80B /* NetflixCloneTests.swift in Sources */ = {isa = PBXBuildFile; fileRef = 481327A32A7EC26200C3C80B /* NetflixCloneTests.swift */; };
		481327AE2A7EC26200C3C80B /* NetflixCloneUITests.swift in Sources */ = {isa = PBXBuildFile; fileRef = 481327AD2A7EC26200C3C80B /* NetflixCloneUITests.swift */; };
		481327B02A7EC26200C3C80B /* NetflixCloneUITestsLaunchTests.swift in Sources */ = {isa = PBXBuildFile; fileRef = 481327AF2A7EC26200C3C80B /* NetflixCloneUITestsLaunchTests.swift */; };
		481327C02A7EC59700C3C80B /* UpcomingViewController.swift in Sources */ = {isa = PBXBuildFile; fileRef = 481327BF2A7EC59700C3C80B /* UpcomingViewController.swift */; };
		481327C22A7EC5A200C3C80B /* SearchViewController.swift in Sources */ = {isa = PBXBuildFile; fileRef = 481327C12A7EC5A200C3C80B /* SearchViewController.swift */; };
		481327C42A7EC5BC00C3C80B /* HomeViewController.swift in Sources */ = {isa = PBXBuildFile; fileRef = 481327C32A7EC5BC00C3C80B /* HomeViewController.swift */; };
		481327C62A7EC5D000C3C80B /* DownloadsViewController.swift in Sources */ = {isa = PBXBuildFile; fileRef = 481327C52A7EC5D000C3C80B /* DownloadsViewController.swift */; };
		481327C82A7EC5ED00C3C80B /* MainTabBarViewController.swift in Sources */ = {isa = PBXBuildFile; fileRef = 481327C72A7EC5ED00C3C80B /* MainTabBarViewController.swift */; };
		481327CF2A7ECC6200C3C80B /* CollectionViewTableViewCell.swift in Sources */ = {isa = PBXBuildFile; fileRef = 481327CE2A7ECC6200C3C80B /* CollectionViewTableViewCell.swift */; };
		4814E8A52A84A54A0050D704 /* APICaller.swift in Sources */ = {isa = PBXBuildFile; fileRef = 4814E8A42A84A54A0050D704 /* APICaller.swift */; };
		4814E8A72A84A7910050D704 /* Title.swift in Sources */ = {isa = PBXBuildFile; fileRef = 4814E8A62A84A7910050D704 /* Title.swift */; };
		4814E8A92A84AB960050D704 /* Extensions.swift in Sources */ = {isa = PBXBuildFile; fileRef = 4814E8A82A84AB960050D704 /* Extensions.swift */; };
		487494112AD065A600886F3D /* TitleCollectionViewCell.swift in Sources */ = {isa = PBXBuildFile; fileRef = 487494102AD065A600886F3D /* TitleCollectionViewCell.swift */; };
		487494142AD066DE00886F3D /* SDWebImage in Frameworks */ = {isa = PBXBuildFile; productRef = 487494132AD066DE00886F3D /* SDWebImage */; };
		487494162AD066DE00886F3D /* SDWebImageMapKit in Frameworks */ = {isa = PBXBuildFile; productRef = 487494152AD066DE00886F3D /* SDWebImageMapKit */; };
		487494182AD0806100886F3D /* TitleTableViewCell.swift in Sources */ = {isa = PBXBuildFile; fileRef = 487494172AD0806100886F3D /* TitleTableViewCell.swift */; };
		4874941A2AD0829B00886F3D /* TitleViewModel.swift in Sources */ = {isa = PBXBuildFile; fileRef = 487494192AD0829B00886F3D /* TitleViewModel.swift */; };
		48F76E532A7FB84F00BF33DB /* HeroHeaderUIView.swift in Sources */ = {isa = PBXBuildFile; fileRef = 48F76E522A7FB84F00BF33DB /* HeroHeaderUIView.swift */; };
/* End PBXBuildFile section */

/* Begin PBXContainerItemProxy section */
		481327A02A7EC26200C3C80B /* PBXContainerItemProxy */ = {
			isa = PBXContainerItemProxy;
			containerPortal = 481327812A7EC26100C3C80B /* Project object */;
			proxyType = 1;
			remoteGlobalIDString = 481327882A7EC26100C3C80B;
			remoteInfo = NetflixClone;
		};
		481327AA2A7EC26200C3C80B /* PBXContainerItemProxy */ = {
			isa = PBXContainerItemProxy;
			containerPortal = 481327812A7EC26100C3C80B /* Project object */;
			proxyType = 1;
			remoteGlobalIDString = 481327882A7EC26100C3C80B;
			remoteInfo = NetflixClone;
		};
/* End PBXContainerItemProxy section */

/* Begin PBXFileReference section */
		481327892A7EC26100C3C80B /* NetflixClone.app */ = {isa = PBXFileReference; explicitFileType = wrapper.application; includeInIndex = 0; path = NetflixClone.app; sourceTree = BUILT_PRODUCTS_DIR; };
		4813278C2A7EC26100C3C80B /* AppDelegate.swift */ = {isa = PBXFileReference; lastKnownFileType = sourcecode.swift; path = AppDelegate.swift; sourceTree = "<group>"; };
		4813278E2A7EC26100C3C80B /* SceneDelegate.swift */ = {isa = PBXFileReference; lastKnownFileType = sourcecode.swift; path = SceneDelegate.swift; sourceTree = "<group>"; };
		481327952A7EC26200C3C80B /* Assets.xcassets */ = {isa = PBXFileReference; lastKnownFileType = folder.assetcatalog; path = Assets.xcassets; sourceTree = "<group>"; };
		481327982A7EC26200C3C80B /* Base */ = {isa = PBXFileReference; lastKnownFileType = file.storyboard; name = Base; path = Base.lproj/LaunchScreen.storyboard; sourceTree = "<group>"; };
		4813279A2A7EC26200C3C80B /* Info.plist */ = {isa = PBXFileReference; lastKnownFileType = text.plist.xml; path = Info.plist; sourceTree = "<group>"; };
		4813279F2A7EC26200C3C80B /* NetflixCloneTests.xctest */ = {isa = PBXFileReference; explicitFileType = wrapper.cfbundle; includeInIndex = 0; path = NetflixCloneTests.xctest; sourceTree = BUILT_PRODUCTS_DIR; };
		481327A32A7EC26200C3C80B /* NetflixCloneTests.swift */ = {isa = PBXFileReference; lastKnownFileType = sourcecode.swift; path = NetflixCloneTests.swift; sourceTree = "<group>"; };
		481327A92A7EC26200C3C80B /* NetflixCloneUITests.xctest */ = {isa = PBXFileReference; explicitFileType = wrapper.cfbundle; includeInIndex = 0; path = NetflixCloneUITests.xctest; sourceTree = BUILT_PRODUCTS_DIR; };
		481327AD2A7EC26200C3C80B /* NetflixCloneUITests.swift */ = {isa = PBXFileReference; lastKnownFileType = sourcecode.swift; path = NetflixCloneUITests.swift; sourceTree = "<group>"; };
		481327AF2A7EC26200C3C80B /* NetflixCloneUITestsLaunchTests.swift */ = {isa = PBXFileReference; lastKnownFileType = sourcecode.swift; path = NetflixCloneUITestsLaunchTests.swift; sourceTree = "<group>"; };
		481327BF2A7EC59700C3C80B /* UpcomingViewController.swift */ = {isa = PBXFileReference; lastKnownFileType = sourcecode.swift; path = UpcomingViewController.swift; sourceTree = "<group>"; };
		481327C12A7EC5A200C3C80B /* SearchViewController.swift */ = {isa = PBXFileReference; lastKnownFileType = sourcecode.swift; path = SearchViewController.swift; sourceTree = "<group>"; };
		481327C32A7EC5BC00C3C80B /* HomeViewController.swift */ = {isa = PBXFileReference; lastKnownFileType = sourcecode.swift; path = HomeViewController.swift; sourceTree = "<group>"; };
		481327C52A7EC5D000C3C80B /* DownloadsViewController.swift */ = {isa = PBXFileReference; lastKnownFileType = sourcecode.swift; path = DownloadsViewController.swift; sourceTree = "<group>"; };
		481327C72A7EC5ED00C3C80B /* MainTabBarViewController.swift */ = {isa = PBXFileReference; lastKnownFileType = sourcecode.swift; path = MainTabBarViewController.swift; sourceTree = "<group>"; };
		481327CE2A7ECC6200C3C80B /* CollectionViewTableViewCell.swift */ = {isa = PBXFileReference; lastKnownFileType = sourcecode.swift; path = CollectionViewTableViewCell.swift; sourceTree = "<group>"; };
		4814E8A42A84A54A0050D704 /* APICaller.swift */ = {isa = PBXFileReference; lastKnownFileType = sourcecode.swift; path = APICaller.swift; sourceTree = "<group>"; };
		4814E8A62A84A7910050D704 /* Title.swift */ = {isa = PBXFileReference; lastKnownFileType = sourcecode.swift; path = Title.swift; sourceTree = "<group>"; };
		4814E8A82A84AB960050D704 /* Extensions.swift */ = {isa = PBXFileReference; lastKnownFileType = sourcecode.swift; path = Extensions.swift; sourceTree = "<group>"; };
		487494102AD065A600886F3D /* TitleCollectionViewCell.swift */ = {isa = PBXFileReference; lastKnownFileType = sourcecode.swift; path = TitleCollectionViewCell.swift; sourceTree = "<group>"; };
		487494172AD0806100886F3D /* TitleTableViewCell.swift */ = {isa = PBXFileReference; lastKnownFileType = sourcecode.swift; path = TitleTableViewCell.swift; sourceTree = "<group>"; };
		487494192AD0829B00886F3D /* TitleViewModel.swift */ = {isa = PBXFileReference; lastKnownFileType = sourcecode.swift; path = TitleViewModel.swift; sourceTree = "<group>"; };
		48F76E522A7FB84F00BF33DB /* HeroHeaderUIView.swift */ = {isa = PBXFileReference; lastKnownFileType = sourcecode.swift; path = HeroHeaderUIView.swift; sourceTree = "<group>"; };
/* End PBXFileReference section */

/* Begin PBXFrameworksBuildPhase section */
		481327862A7EC26100C3C80B /* Frameworks */ = {
			isa = PBXFrameworksBuildPhase;
			buildActionMask = 2147483647;
			files = (
				487494162AD066DE00886F3D /* SDWebImageMapKit in Frameworks */,
				487494142AD066DE00886F3D /* SDWebImage in Frameworks */,
			);
			runOnlyForDeploymentPostprocessing = 0;
		};
		4813279C2A7EC26200C3C80B /* Frameworks */ = {
			isa = PBXFrameworksBuildPhase;
			buildActionMask = 2147483647;
			files = (
			);
			runOnlyForDeploymentPostprocessing = 0;
		};
		481327A62A7EC26200C3C80B /* Frameworks */ = {
			isa = PBXFrameworksBuildPhase;
			buildActionMask = 2147483647;
			files = (
			);
			runOnlyForDeploymentPostprocessing = 0;
		};
/* End PBXFrameworksBuildPhase section */

/* Begin PBXGroup section */
		481327802A7EC26100C3C80B = {
			isa = PBXGroup;
			children = (
				4813278B2A7EC26100C3C80B /* NetflixClone */,
				481327A22A7EC26200C3C80B /* NetflixCloneTests */,
				481327AC2A7EC26200C3C80B /* NetflixCloneUITests */,
				4813278A2A7EC26100C3C80B /* Products */,
			);
			sourceTree = "<group>";
		};
		4813278A2A7EC26100C3C80B /* Products */ = {
			isa = PBXGroup;
			children = (
				481327892A7EC26100C3C80B /* NetflixClone.app */,
				4813279F2A7EC26200C3C80B /* NetflixCloneTests.xctest */,
				481327A92A7EC26200C3C80B /* NetflixCloneUITests.xctest */,
			);
			name = Products;
			sourceTree = "<group>";
		};
		4813278B2A7EC26100C3C80B /* NetflixClone */ = {
			isa = PBXGroup;
			children = (
				481327CD2A7ECC1600C3C80B /* Managers */,
				481327CC2A7ECC0E00C3C80B /* Resources */,
				481327CB2A7ECBED00C3C80B /* Models */,
				481327C92A7ECBDB00C3C80B /* Views */,
				481327CA2A7ECBE400C3C80B /* ViewModels */,
				481327BC2A7EC54700C3C80B /* Controllers */,
				4813278C2A7EC26100C3C80B /* AppDelegate.swift */,
				481327C72A7EC5ED00C3C80B /* MainTabBarViewController.swift */,
				4813278E2A7EC26100C3C80B /* SceneDelegate.swift */,
				481327952A7EC26200C3C80B /* Assets.xcassets */,
				481327972A7EC26200C3C80B /* LaunchScreen.storyboard */,
				4813279A2A7EC26200C3C80B /* Info.plist */,
			);
			path = NetflixClone;
			sourceTree = "<group>";
		};
		481327A22A7EC26200C3C80B /* NetflixCloneTests */ = {
			isa = PBXGroup;
			children = (
				481327A32A7EC26200C3C80B /* NetflixCloneTests.swift */,
			);
			path = NetflixCloneTests;
			sourceTree = "<group>";
		};
		481327AC2A7EC26200C3C80B /* NetflixCloneUITests */ = {
			isa = PBXGroup;
			children = (
				481327AD2A7EC26200C3C80B /* NetflixCloneUITests.swift */,
				481327AF2A7EC26200C3C80B /* NetflixCloneUITestsLaunchTests.swift */,
			);
			path = NetflixCloneUITests;
			sourceTree = "<group>";
		};
		481327BC2A7EC54700C3C80B /* Controllers */ = {
			isa = PBXGroup;
			children = (
				481327C32A7EC5BC00C3C80B /* HomeViewController.swift */,
				481327BF2A7EC59700C3C80B /* UpcomingViewController.swift */,
				481327C12A7EC5A200C3C80B /* SearchViewController.swift */,
				481327C52A7EC5D000C3C80B /* DownloadsViewController.swift */,
			);
			path = Controllers;
			sourceTree = "<group>";
		};
		481327C92A7ECBDB00C3C80B /* Views */ = {
			isa = PBXGroup;
			children = (
				481327CE2A7ECC6200C3C80B /* CollectionViewTableViewCell.swift */,
				48F76E522A7FB84F00BF33DB /* HeroHeaderUIView.swift */,
				487494102AD065A600886F3D /* TitleCollectionViewCell.swift */,
				487494172AD0806100886F3D /* TitleTableViewCell.swift */,
			);
			path = Views;
			sourceTree = "<group>";
		};
		481327CA2A7ECBE400C3C80B /* ViewModels */ = {
			isa = PBXGroup;
			children = (
				487494192AD0829B00886F3D /* TitleViewModel.swift */,
			);
			path = ViewModels;
			sourceTree = "<group>";
		};
		481327CB2A7ECBED00C3C80B /* Models */ = {
			isa = PBXGroup;
			children = (
				4814E8A62A84A7910050D704 /* Title.swift */,
			);
			path = Models;
			sourceTree = "<group>";
		};
		481327CC2A7ECC0E00C3C80B /* Resources */ = {
			isa = PBXGroup;
			children = (
				4814E8A82A84AB960050D704 /* Extensions.swift */,
			);
			path = Resources;
			sourceTree = "<group>";
		};
		481327CD2A7ECC1600C3C80B /* Managers */ = {
			isa = PBXGroup;
			children = (
				4814E8A42A84A54A0050D704 /* APICaller.swift */,
			);
			path = Managers;
			sourceTree = "<group>";
		};
/* End PBXGroup section */

/* Begin PBXNativeTarget section */
		481327882A7EC26100C3C80B /* NetflixClone */ = {
			isa = PBXNativeTarget;
			buildConfigurationList = 481327B32A7EC26200C3C80B /* Build configuration list for PBXNativeTarget "NetflixClone" */;
			buildPhases = (
				481327852A7EC26100C3C80B /* Sources */,
				481327862A7EC26100C3C80B /* Frameworks */,
				481327872A7EC26100C3C80B /* Resources */,
			);
			buildRules = (
			);
			dependencies = (
			);
			name = NetflixClone;
			packageProductDependencies = (
				487494132AD066DE00886F3D /* SDWebImage */,
				487494152AD066DE00886F3D /* SDWebImageMapKit */,
			);
			productName = NetflixClone;
			productReference = 481327892A7EC26100C3C80B /* NetflixClone.app */;
			productType = "com.apple.product-type.application";
		};
		4813279E2A7EC26200C3C80B /* NetflixCloneTests */ = {
			isa = PBXNativeTarget;
			buildConfigurationList = 481327B62A7EC26200C3C80B /* Build configuration list for PBXNativeTarget "NetflixCloneTests" */;
			buildPhases = (
				4813279B2A7EC26200C3C80B /* Sources */,
				4813279C2A7EC26200C3C80B /* Frameworks */,
				4813279D2A7EC26200C3C80B /* Resources */,
			);
			buildRules = (
			);
			dependencies = (
				481327A12A7EC26200C3C80B /* PBXTargetDependency */,
			);
			name = NetflixCloneTests;
			productName = NetflixCloneTests;
			productReference = 4813279F2A7EC26200C3C80B /* NetflixCloneTests.xctest */;
			productType = "com.apple.product-type.bundle.unit-test";
		};
		481327A82A7EC26200C3C80B /* NetflixCloneUITests */ = {
			isa = PBXNativeTarget;
			buildConfigurationList = 481327B92A7EC26200C3C80B /* Build configuration list for PBXNativeTarget "NetflixCloneUITests" */;
			buildPhases = (
				481327A52A7EC26200C3C80B /* Sources */,
				481327A62A7EC26200C3C80B /* Frameworks */,
				481327A72A7EC26200C3C80B /* Resources */,
			);
			buildRules = (
			);
			dependencies = (
				481327AB2A7EC26200C3C80B /* PBXTargetDependency */,
			);
			name = NetflixCloneUITests;
			productName = NetflixCloneUITests;
			productReference = 481327A92A7EC26200C3C80B /* NetflixCloneUITests.xctest */;
			productType = "com.apple.product-type.bundle.ui-testing";
		};
/* End PBXNativeTarget section */

/* Begin PBXProject section */
		481327812A7EC26100C3C80B /* Project object */ = {
			isa = PBXProject;
			attributes = {
				BuildIndependentTargetsInParallel = 1;
				LastSwiftUpdateCheck = 1430;
				LastUpgradeCheck = 1430;
				TargetAttributes = {
					481327882A7EC26100C3C80B = {
						CreatedOnToolsVersion = 14.3.1;
					};
					4813279E2A7EC26200C3C80B = {
						CreatedOnToolsVersion = 14.3.1;
						TestTargetID = 481327882A7EC26100C3C80B;
					};
					481327A82A7EC26200C3C80B = {
						CreatedOnToolsVersion = 14.3.1;
						TestTargetID = 481327882A7EC26100C3C80B;
					};
				};
			};
			buildConfigurationList = 481327842A7EC26100C3C80B /* Build configuration list for PBXProject "NetflixClone" */;
			compatibilityVersion = "Xcode 14.0";
			developmentRegion = en;
			hasScannedForEncodings = 0;
			knownRegions = (
				en,
				Base,
			);
			mainGroup = 481327802A7EC26100C3C80B;
			packageReferences = (
				487494122AD066DE00886F3D /* XCRemoteSwiftPackageReference "SDWebImage" */,
			);
			productRefGroup = 4813278A2A7EC26100C3C80B /* Products */;
			projectDirPath = "";
			projectRoot = "";
			targets = (
				481327882A7EC26100C3C80B /* NetflixClone */,
				4813279E2A7EC26200C3C80B /* NetflixCloneTests */,
				481327A82A7EC26200C3C80B /* NetflixCloneUITests */,
			);
		};
/* End PBXProject section */

/* Begin PBXResourcesBuildPhase section */
		481327872A7EC26100C3C80B /* Resources */ = {
			isa = PBXResourcesBuildPhase;
			buildActionMask = 2147483647;
			files = (
				481327992A7EC26200C3C80B /* LaunchScreen.storyboard in Resources */,
				481327962A7EC26200C3C80B /* Assets.xcassets in Resources */,
			);
			runOnlyForDeploymentPostprocessing = 0;
		};
		4813279D2A7EC26200C3C80B /* Resources */ = {
			isa = PBXResourcesBuildPhase;
			buildActionMask = 2147483647;
			files = (
			);
			runOnlyForDeploymentPostprocessing = 0;
		};
		481327A72A7EC26200C3C80B /* Resources */ = {
			isa = PBXResourcesBuildPhase;
			buildActionMask = 2147483647;
			files = (
			);
			runOnlyForDeploymentPostprocessing = 0;
		};
/* End PBXResourcesBuildPhase section */

/* Begin PBXSourcesBuildPhase section */
		481327852A7EC26100C3C80B /* Sources */ = {
			isa = PBXSourcesBuildPhase;
			buildActionMask = 2147483647;
			files = (
				487494182AD0806100886F3D /* TitleTableViewCell.swift in Sources */,
				4814E8A72A84A7910050D704 /* Title.swift in Sources */,
				487494112AD065A600886F3D /* TitleCollectionViewCell.swift in Sources */,
				481327C22A7EC5A200C3C80B /* SearchViewController.swift in Sources */,
				481327C82A7EC5ED00C3C80B /* MainTabBarViewController.swift in Sources */,
				481327CF2A7ECC6200C3C80B /* CollectionViewTableViewCell.swift in Sources */,
				4814E8A52A84A54A0050D704 /* APICaller.swift in Sources */,
				48F76E532A7FB84F00BF33DB /* HeroHeaderUIView.swift in Sources */,
				481327C62A7EC5D000C3C80B /* DownloadsViewController.swift in Sources */,
				4814E8A92A84AB960050D704 /* Extensions.swift in Sources */,
				4813278D2A7EC26100C3C80B /* AppDelegate.swift in Sources */,
				4813278F2A7EC26100C3C80B /* SceneDelegate.swift in Sources */,
				481327C02A7EC59700C3C80B /* UpcomingViewController.swift in Sources */,
				481327C42A7EC5BC00C3C80B /* HomeViewController.swift in Sources */,
				4874941A2AD0829B00886F3D /* TitleViewModel.swift in Sources */,
			);
			runOnlyForDeploymentPostprocessing = 0;
		};
		4813279B2A7EC26200C3C80B /* Sources */ = {
			isa = PBXSourcesBuildPhase;
			buildActionMask = 2147483647;
			files = (
				481327A42A7EC26200C3C80B /* NetflixCloneTests.swift in Sources */,
			);
			runOnlyForDeploymentPostprocessing = 0;
		};
		481327A52A7EC26200C3C80B /* Sources */ = {
			isa = PBXSourcesBuildPhase;
			buildActionMask = 2147483647;
			files = (
				481327AE2A7EC26200C3C80B /* NetflixCloneUITests.swift in Sources */,
				481327B02A7EC26200C3C80B /* NetflixCloneUITestsLaunchTests.swift in Sources */,
			);
			runOnlyForDeploymentPostprocessing = 0;
		};
/* End PBXSourcesBuildPhase section */

/* Begin PBXTargetDependency section */
		481327A12A7EC26200C3C80B /* PBXTargetDependency */ = {
			isa = PBXTargetDependency;
			target = 481327882A7EC26100C3C80B /* NetflixClone */;
			targetProxy = 481327A02A7EC26200C3C80B /* PBXContainerItemProxy */;
		};
		481327AB2A7EC26200C3C80B /* PBXTargetDependency */ = {
			isa = PBXTargetDependency;
			target = 481327882A7EC26100C3C80B /* NetflixClone */;
			targetProxy = 481327AA2A7EC26200C3C80B /* PBXContainerItemProxy */;
		};
/* End PBXTargetDependency section */

/* Begin PBXVariantGroup section */
		481327972A7EC26200C3C80B /* LaunchScreen.storyboard */ = {
			isa = PBXVariantGroup;
			children = (
				481327982A7EC26200C3C80B /* Base */,
			);
			name = LaunchScreen.storyboard;
			sourceTree = "<group>";
		};
/* End PBXVariantGroup section */

/* Begin XCBuildConfiguration section */
		481327B12A7EC26200C3C80B /* Debug */ = {
			isa = XCBuildConfiguration;
			buildSettings = {
				ALWAYS_SEARCH_USER_PATHS = NO;
				CLANG_ANALYZER_NONNULL = YES;
				CLANG_ANALYZER_NUMBER_OBJECT_CONVERSION = YES_AGGRESSIVE;
				CLANG_CXX_LANGUAGE_STANDARD = "gnu++20";
				CLANG_ENABLE_MODULES = YES;
				CLANG_ENABLE_OBJC_ARC = YES;
				CLANG_ENABLE_OBJC_WEAK = YES;
				CLANG_WARN_BLOCK_CAPTURE_AUTORELEASING = YES;
				CLANG_WARN_BOOL_CONVERSION = YES;
				CLANG_WARN_COMMA = YES;
				CLANG_WARN_CONSTANT_CONVERSION = YES;
				CLANG_WARN_DEPRECATED_OBJC_IMPLEMENTATIONS = YES;
				CLANG_WARN_DIRECT_OBJC_ISA_USAGE = YES_ERROR;
				CLANG_WARN_DOCUMENTATION_COMMENTS = YES;
				CLANG_WARN_EMPTY_BODY = YES;
				CLANG_WARN_ENUM_CONVERSION = YES;
				CLANG_WARN_INFINITE_RECURSION = YES;
				CLANG_WARN_INT_CONVERSION = YES;
				CLANG_WARN_NON_LITERAL_NULL_CONVERSION = YES;
				CLANG_WARN_OBJC_IMPLICIT_RETAIN_SELF = YES;
				CLANG_WARN_OBJC_LITERAL_CONVERSION = YES;
				CLANG_WARN_OBJC_ROOT_CLASS = YES_ERROR;
				CLANG_WARN_QUOTED_INCLUDE_IN_FRAMEWORK_HEADER = YES;
				CLANG_WARN_RANGE_LOOP_ANALYSIS = YES;
				CLANG_WARN_STRICT_PROTOTYPES = YES;
				CLANG_WARN_SUSPICIOUS_MOVE = YES;
				CLANG_WARN_UNGUARDED_AVAILABILITY = YES_AGGRESSIVE;
				CLANG_WARN_UNREACHABLE_CODE = YES;
				CLANG_WARN__DUPLICATE_METHOD_MATCH = YES;
				COPY_PHASE_STRIP = NO;
				DEBUG_INFORMATION_FORMAT = dwarf;
				ENABLE_STRICT_OBJC_MSGSEND = YES;
				ENABLE_TESTABILITY = YES;
				GCC_C_LANGUAGE_STANDARD = gnu11;
				GCC_DYNAMIC_NO_PIC = NO;
				GCC_NO_COMMON_BLOCKS = YES;
				GCC_OPTIMIZATION_LEVEL = 0;
				GCC_PREPROCESSOR_DEFINITIONS = (
					"DEBUG=1",
					"$(inherited)",
				);
				GCC_WARN_64_TO_32_BIT_CONVERSION = YES;
				GCC_WARN_ABOUT_RETURN_TYPE = YES_ERROR;
				GCC_WARN_UNDECLARED_SELECTOR = YES;
				GCC_WARN_UNINITIALIZED_AUTOS = YES_AGGRESSIVE;
				GCC_WARN_UNUSED_FUNCTION = YES;
				GCC_WARN_UNUSED_VARIABLE = YES;
				IPHONEOS_DEPLOYMENT_TARGET = 16.4;
				MTL_ENABLE_DEBUG_INFO = INCLUDE_SOURCE;
				MTL_FAST_MATH = YES;
				ONLY_ACTIVE_ARCH = YES;
				SDKROOT = iphoneos;
				SWIFT_ACTIVE_COMPILATION_CONDITIONS = DEBUG;
				SWIFT_OPTIMIZATION_LEVEL = "-Onone";
			};
			name = Debug;
		};
		481327B22A7EC26200C3C80B /* Release */ = {
			isa = XCBuildConfiguration;
			buildSettings = {
				ALWAYS_SEARCH_USER_PATHS = NO;
				CLANG_ANALYZER_NONNULL = YES;
				CLANG_ANALYZER_NUMBER_OBJECT_CONVERSION = YES_AGGRESSIVE;
				CLANG_CXX_LANGUAGE_STANDARD = "gnu++20";
				CLANG_ENABLE_MODULES = YES;
				CLANG_ENABLE_OBJC_ARC = YES;
				CLANG_ENABLE_OBJC_WEAK = YES;
				CLANG_WARN_BLOCK_CAPTURE_AUTORELEASING = YES;
				CLANG_WARN_BOOL_CONVERSION = YES;
				CLANG_WARN_COMMA = YES;
				CLANG_WARN_CONSTANT_CONVERSION = YES;
				CLANG_WARN_DEPRECATED_OBJC_IMPLEMENTATIONS = YES;
				CLANG_WARN_DIRECT_OBJC_ISA_USAGE = YES_ERROR;
				CLANG_WARN_DOCUMENTATION_COMMENTS = YES;
				CLANG_WARN_EMPTY_BODY = YES;
				CLANG_WARN_ENUM_CONVERSION = YES;
				CLANG_WARN_INFINITE_RECURSION = YES;
				CLANG_WARN_INT_CONVERSION = YES;
				CLANG_WARN_NON_LITERAL_NULL_CONVERSION = YES;
				CLANG_WARN_OBJC_IMPLICIT_RETAIN_SELF = YES;
				CLANG_WARN_OBJC_LITERAL_CONVERSION = YES;
				CLANG_WARN_OBJC_ROOT_CLASS = YES_ERROR;
				CLANG_WARN_QUOTED_INCLUDE_IN_FRAMEWORK_HEADER = YES;
				CLANG_WARN_RANGE_LOOP_ANALYSIS = YES;
				CLANG_WARN_STRICT_PROTOTYPES = YES;
				CLANG_WARN_SUSPICIOUS_MOVE = YES;
				CLANG_WARN_UNGUARDED_AVAILABILITY = YES_AGGRESSIVE;
				CLANG_WARN_UNREACHABLE_CODE = YES;
				CLANG_WARN__DUPLICATE_METHOD_MATCH = YES;
				COPY_PHASE_STRIP = NO;
				DEBUG_INFORMATION_FORMAT = "dwarf-with-dsym";
				ENABLE_NS_ASSERTIONS = NO;
				ENABLE_STRICT_OBJC_MSGSEND = YES;
				GCC_C_LANGUAGE_STANDARD = gnu11;
				GCC_NO_COMMON_BLOCKS = YES;
				GCC_WARN_64_TO_32_BIT_CONVERSION = YES;
				GCC_WARN_ABOUT_RETURN_TYPE = YES_ERROR;
				GCC_WARN_UNDECLARED_SELECTOR = YES;
				GCC_WARN_UNINITIALIZED_AUTOS = YES_AGGRESSIVE;
				GCC_WARN_UNUSED_FUNCTION = YES;
				GCC_WARN_UNUSED_VARIABLE = YES;
				IPHONEOS_DEPLOYMENT_TARGET = 16.4;
				MTL_ENABLE_DEBUG_INFO = NO;
				MTL_FAST_MATH = YES;
				SDKROOT = iphoneos;
				SWIFT_COMPILATION_MODE = wholemodule;
				SWIFT_OPTIMIZATION_LEVEL = "-O";
				VALIDATE_PRODUCT = YES;
			};
			name = Release;
		};
		481327B42A7EC26200C3C80B /* Debug */ = {
			isa = XCBuildConfiguration;
			buildSettings = {
				ASSETCATALOG_COMPILER_APPICON_NAME = AppIcon;
				ASSETCATALOG_COMPILER_GLOBAL_ACCENT_COLOR_NAME = AccentColor;
				CODE_SIGN_STYLE = Automatic;
				CURRENT_PROJECT_VERSION = 1;
				GENERATE_INFOPLIST_FILE = YES;
				INFOPLIST_FILE = NetflixClone/Info.plist;
				INFOPLIST_KEY_UIApplicationSupportsIndirectInputEvents = YES;
				INFOPLIST_KEY_UILaunchStoryboardName = LaunchScreen;
				INFOPLIST_KEY_UIMainStoryboardFile = "";
				INFOPLIST_KEY_UISupportedInterfaceOrientations_iPad = "UIInterfaceOrientationPortrait UIInterfaceOrientationPortraitUpsideDown UIInterfaceOrientationLandscapeLeft UIInterfaceOrientationLandscapeRight";
				INFOPLIST_KEY_UISupportedInterfaceOrientations_iPhone = "UIInterfaceOrientationPortrait UIInterfaceOrientationLandscapeLeft UIInterfaceOrientationLandscapeRight";
				LD_RUNPATH_SEARCH_PATHS = (
					"$(inherited)",
					"@executable_path/Frameworks",
				);
				MARKETING_VERSION = 1.0;
				PRODUCT_BUNDLE_IDENTIFIER = ahmetozkanio.NetflixClone;
				PRODUCT_NAME = "$(TARGET_NAME)";
				SWIFT_EMIT_LOC_STRINGS = YES;
				SWIFT_VERSION = 5.0;
				TARGETED_DEVICE_FAMILY = "1,2";
			};
			name = Debug;
		};
		481327B52A7EC26200C3C80B /* Release */ = {
			isa = XCBuildConfiguration;
			buildSettings = {
				ASSETCATALOG_COMPILER_APPICON_NAME = AppIcon;
				ASSETCATALOG_COMPILER_GLOBAL_ACCENT_COLOR_NAME = AccentColor;
				CODE_SIGN_STYLE = Automatic;
				CURRENT_PROJECT_VERSION = 1;
				GENERATE_INFOPLIST_FILE = YES;
				INFOPLIST_FILE = NetflixClone/Info.plist;
				INFOPLIST_KEY_UIApplicationSupportsIndirectInputEvents = YES;
				INFOPLIST_KEY_UILaunchStoryboardName = LaunchScreen;
				INFOPLIST_KEY_UIMainStoryboardFile = "";
				INFOPLIST_KEY_UISupportedInterfaceOrientations_iPad = "UIInterfaceOrientationPortrait UIInterfaceOrientationPortraitUpsideDown UIInterfaceOrientationLandscapeLeft UIInterfaceOrientationLandscapeRight";
				INFOPLIST_KEY_UISupportedInterfaceOrientations_iPhone = "UIInterfaceOrientationPortrait UIInterfaceOrientationLandscapeLeft UIInterfaceOrientationLandscapeRight";
				LD_RUNPATH_SEARCH_PATHS = (
					"$(inherited)",
					"@executable_path/Frameworks",
				);
				MARKETING_VERSION = 1.0;
				PRODUCT_BUNDLE_IDENTIFIER = ahmetozkanio.NetflixClone;
				PRODUCT_NAME = "$(TARGET_NAME)";
				SWIFT_EMIT_LOC_STRINGS = YES;
				SWIFT_VERSION = 5.0;
				TARGETED_DEVICE_FAMILY = "1,2";
			};
			name = Release;
		};
		481327B72A7EC26200C3C80B /* Debug */ = {
			isa = XCBuildConfiguration;
			buildSettings = {
				ALWAYS_EMBED_SWIFT_STANDARD_LIBRARIES = YES;
				BUNDLE_LOADER = "$(TEST_HOST)";
				CODE_SIGN_STYLE = Automatic;
				CURRENT_PROJECT_VERSION = 1;
				GENERATE_INFOPLIST_FILE = YES;
				IPHONEOS_DEPLOYMENT_TARGET = 16.4;
				MARKETING_VERSION = 1.0;
				PRODUCT_BUNDLE_IDENTIFIER = ahmetozkanio.NetflixCloneTests;
				PRODUCT_NAME = "$(TARGET_NAME)";
				SWIFT_EMIT_LOC_STRINGS = NO;
				SWIFT_VERSION = 5.0;
				TARGETED_DEVICE_FAMILY = "1,2";
				TEST_HOST = "$(BUILT_PRODUCTS_DIR)/NetflixClone.app/$(BUNDLE_EXECUTABLE_FOLDER_PATH)/NetflixClone";
			};
			name = Debug;
		};
		481327B82A7EC26200C3C80B /* Release */ = {
			isa = XCBuildConfiguration;
			buildSettings = {
				ALWAYS_EMBED_SWIFT_STANDARD_LIBRARIES = YES;
				BUNDLE_LOADER = "$(TEST_HOST)";
				CODE_SIGN_STYLE = Automatic;
				CURRENT_PROJECT_VERSION = 1;
				GENERATE_INFOPLIST_FILE = YES;
				IPHONEOS_DEPLOYMENT_TARGET = 16.4;
				MARKETING_VERSION = 1.0;
				PRODUCT_BUNDLE_IDENTIFIER = ahmetozkanio.NetflixCloneTests;
				PRODUCT_NAME = "$(TARGET_NAME)";
				SWIFT_EMIT_LOC_STRINGS = NO;
				SWIFT_VERSION = 5.0;
				TARGETED_DEVICE_FAMILY = "1,2";
				TEST_HOST = "$(BUILT_PRODUCTS_DIR)/NetflixClone.app/$(BUNDLE_EXECUTABLE_FOLDER_PATH)/NetflixClone";
			};
			name = Release;
		};
		481327BA2A7EC26200C3C80B /* Debug */ = {
			isa = XCBuildConfiguration;
			buildSettings = {
				ALWAYS_EMBED_SWIFT_STANDARD_LIBRARIES = YES;
				CODE_SIGN_STYLE = Automatic;
				CURRENT_PROJECT_VERSION = 1;
				GENERATE_INFOPLIST_FILE = YES;
				MARKETING_VERSION = 1.0;
				PRODUCT_BUNDLE_IDENTIFIER = ahmetozkanio.NetflixCloneUITests;
				PRODUCT_NAME = "$(TARGET_NAME)";
				SWIFT_EMIT_LOC_STRINGS = NO;
				SWIFT_VERSION = 5.0;
				TARGETED_DEVICE_FAMILY = "1,2";
				TEST_TARGET_NAME = NetflixClone;
			};
			name = Debug;
		};
		481327BB2A7EC26200C3C80B /* Release */ = {
			isa = XCBuildConfiguration;
			buildSettings = {
				ALWAYS_EMBED_SWIFT_STANDARD_LIBRARIES = YES;
				CODE_SIGN_STYLE = Automatic;
				CURRENT_PROJECT_VERSION = 1;
				GENERATE_INFOPLIST_FILE = YES;
				MARKETING_VERSION = 1.0;
				PRODUCT_BUNDLE_IDENTIFIER = ahmetozkanio.NetflixCloneUITests;
				PRODUCT_NAME = "$(TARGET_NAME)";
				SWIFT_EMIT_LOC_STRINGS = NO;
				SWIFT_VERSION = 5.0;
				TARGETED_DEVICE_FAMILY = "1,2";
				TEST_TARGET_NAME = NetflixClone;
			};
			name = Release;
		};
/* End XCBuildConfiguration section */

/* Begin XCConfigurationList section */
		481327842A7EC26100C3C80B /* Build configuration list for PBXProject "NetflixClone" */ = {
			isa = XCConfigurationList;
			buildConfigurations = (
				481327B12A7EC26200C3C80B /* Debug */,
				481327B22A7EC26200C3C80B /* Release */,
			);
			defaultConfigurationIsVisible = 0;
			defaultConfigurationName = Release;
		};
		481327B32A7EC26200C3C80B /* Build configuration list for PBXNativeTarget "NetflixClone" */ = {
			isa = XCConfigurationList;
			buildConfigurations = (
				481327B42A7EC26200C3C80B /* Debug */,
				481327B52A7EC26200C3C80B /* Release */,
			);
			defaultConfigurationIsVisible = 0;
			defaultConfigurationName = Release;
		};
		481327B62A7EC26200C3C80B /* Build configuration list for PBXNativeTarget "NetflixCloneTests" */ = {
			isa = XCConfigurationList;
			buildConfigurations = (
				481327B72A7EC26200C3C80B /* Debug */,
				481327B82A7EC26200C3C80B /* Release */,
			);
			defaultConfigurationIsVisible = 0;
			defaultConfigurationName = Release;
		};
		481327B92A7EC26200C3C80B /* Build configuration list for PBXNativeTarget "NetflixCloneUITests" */ = {
			isa = XCConfigurationList;
			buildConfigurations = (
				481327BA2A7EC26200C3C80B /* Debug */,
				481327BB2A7EC26200C3C80B /* Release */,
			);
			defaultConfigurationIsVisible = 0;
			defaultConfigurationName = Release;
		};
/* End XCConfigurationList section */

/* Begin XCRemoteSwiftPackageReference section */
		487494122AD066DE00886F3D /* XCRemoteSwiftPackageReference "SDWebImage" */ = {
			isa = XCRemoteSwiftPackageReference;
			repositoryURL = "https://github.com/SDWebImage/SDWebImage.git";
			requirement = {
				kind = upToNextMajorVersion;
				minimumVersion = 5.0.0;
			};
		};
/* End XCRemoteSwiftPackageReference section */

/* Begin XCSwiftPackageProductDependency section */
		487494132AD066DE00886F3D /* SDWebImage */ = {
			isa = XCSwiftPackageProductDependency;
			package = 487494122AD066DE00886F3D /* XCRemoteSwiftPackageReference "SDWebImage" */;
			productName = SDWebImage;
		};
		487494152AD066DE00886F3D /* SDWebImageMapKit */ = {
			isa = XCSwiftPackageProductDependency;
			package = 487494122AD066DE00886F3D /* XCRemoteSwiftPackageReference "SDWebImage" */;
			productName = SDWebImageMapKit;
		};
/* End XCSwiftPackageProductDependency section */
	};
	rootObject = 481327812A7EC26100C3C80B /* Project object */;
}
